
Microsoft Visual Studio Solution File, Format Version 12.00
# Visual Studio Version 16
VisualStudioVersion = 16.0.31025.194
MinimumVisualStudioVersion = 10.0.40219.1
Project("{FAE04EC0-301F-11D3-BF4B-00C04F79EFBC}") = "TP", "TP\TP.csproj", "{FCBDBC12-41D1-449D-B25F-FC64B4ECDAEC}"
EndProject
Global
	GlobalSection(SolutionConfigurationPlatforms) = preSolution
		Debug|Any CPU = Debug|Any CPU
		Release|Any CPU = Release|Any CPU
	EndGlobalSection
	GlobalSection(ProjectConfigurationPlatforms) = postSolution
		{FCBDBC12-41D1-449D-B25F-FC64B4ECDAEC}.Debug|Any CPU.ActiveCfg = Debug|Any CPU
		{FCBDBC12-41D1-449D-B25F-FC64B4ECDAEC}.Debug|Any CPU.Build.0 = Debug|Any CPU
		{FCBDBC12-41D1-449D-B25F-FC64B4ECDAEC}.Release|Any CPU.ActiveCfg = Release|Any CPU
		{FCBDBC12-41D1-449D-B25F-FC64B4ECDAEC}.Release|Any CPU.Build.0 = Release|Any CPU
	EndGlobalSection
	GlobalSection(SolutionProperties) = preSolution
		HideSolutionNode = FALSE
	EndGlobalSection
	GlobalSection(ExtensibilityGlobals) = postSolution
		SolutionGuid = {D99A77B9-E644-48DA-9FAA-55796ED7E80E}
	EndGlobalSection
EndGlobal
